
Microsoft Visual Studio Solution File, Format Version 12.00
# Visual Studio Version 17
VisualStudioVersion = 17.5.33516.290
MinimumVisualStudioVersion = 10.0.40219.1
Project("{FAE04EC0-301F-11D3-BF4B-00C04F79EFBC}") = "Rassol.UI", "Rassol.UI\Rassol.UI.csproj", "{7DC459EE-F31C-4C69-817C-E9E988D66918}"
EndProject
Project("{FAE04EC0-301F-11D3-BF4B-00C04F79EFBC}") = "Rassol.Core", "Rassol.Core\Rassol.Core\Rassol.Core.csproj", "{5A6DEF4E-F73F-4330-B2B4-06A1AC85B3A6}"
EndProject
Global
	GlobalSection(SolutionConfigurationPlatforms) = preSolution
		Debug|Any CPU = Debug|Any CPU
		Release|Any CPU = Release|Any CPU
	EndGlobalSection
	GlobalSection(ProjectConfigurationPlatforms) = postSolution
		{7DC459EE-F31C-4C69-817C-E9E988D66918}.Debug|Any CPU.ActiveCfg = Debug|Any CPU
		{7DC459EE-F31C-4C69-817C-E9E988D66918}.Debug|Any CPU.Build.0 = Debug|Any CPU
		{7DC459EE-F31C-4C69-817C-E9E988D66918}.Release|Any CPU.ActiveCfg = Release|Any CPU
		{7DC459EE-F31C-4C69-817C-E9E988D66918}.Release|Any CPU.Build.0 = Release|Any CPU
		{5A6DEF4E-F73F-4330-B2B4-06A1AC85B3A6}.Debug|Any CPU.ActiveCfg = Debug|Any CPU
		{5A6DEF4E-F73F-4330-B2B4-06A1AC85B3A6}.Debug|Any CPU.Build.0 = Debug|Any CPU
		{5A6DEF4E-F73F-4330-B2B4-06A1AC85B3A6}.Release|Any CPU.ActiveCfg = Release|Any CPU
		{5A6DEF4E-F73F-4330-B2B4-06A1AC85B3A6}.Release|Any CPU.Build.0 = Release|Any CPU
	EndGlobalSection
	GlobalSection(SolutionProperties) = preSolution
		HideSolutionNode = FALSE
	EndGlobalSection
	GlobalSection(ExtensibilityGlobals) = postSolution
		SolutionGuid = {C3B02292-3F5F-4CBC-8645-0B279CD6C1FF}
	EndGlobalSection
EndGlobal
